<Solution>
  <Folder Name="/Task0/">
    <Project Path="Tyuiu.PolyakovaAB.Sprint3.Task0.V10.Lib/Tyuiu.PolyakovaAB.Sprint3.Task0.V10.Lib.csproj" />
    <Project Path="Tyuiu.PolyakovaAB.Sprint3.Task0.V10.Test/Tyuiu.PolyakovaAB.Sprint3.Task0.V10.Test.csproj" />
    <Project Path="Tyuiu.PolyakovaAB.Sprint3.Task0.V10/Tyuiu.PolyakovaAB.Sprint3.Task0.V10.csproj" />
  </Folder>
  <Folder Name="/Task1/">
    <Project Path="Tyuiu.PolyakovaAB.Sprint3.Task1.V1.Lib/Tyuiu.PolyakovaAB.Sprint3.Task1.V1.Lib.csproj" />
    <Project Path="Tyuiu.PolyakovaAB.Sprint3.Task1.V1.Test/Tyuiu.PolyakovaAB.Sprint3.Task1.V1.Test.csproj" />
    <Project Path="Tyuiu.PolyakovaAB.Sprint3.Task1.V1/Tyuiu.PolyakovaAB.Sprint3.Task1.V1.csproj" />
  </Folder>
  <Folder Name="/Task2/">
    <Project Path="Tyuiu.PolyakovaAB.Sprint3.Task2.V29.Lib/Tyuiu.PolyakovaAB.Sprint3.Task2.V29.Lib.csproj" Id="addb6a5a-21b9-46a7-a601-848bfd8e14e7" />
    <Project Path="Tyuiu.PolyakovaAB.Sprint3.Task2.V29.Test/Tyuiu.PolyakovaAB.Sprint3.Task2.V29.Test.csproj" Id="4d077780-3f89-4988-b56b-1e6df9b2866c" />
    <Project Path="Tyuiu.PolyakovaAB.Sprint3.Task2.V29/Tyuiu.PolyakovaAB.Sprint3.Task2.V29.csproj" Id="14b211e0-6ee0-43ca-b3e9-7338ff327e30" />
  </Folder>
  <Folder Name="/Task3/">
    <Project Path="Tyuiu.PolyakovaAB.Sprint3.Task3.V6.Lib/Tyuiu.PolyakovaAB.Sprint3.Task3.V6.Lib.csproj" Id="18fa100c-5c38-4f07-b497-eb03d0c15e2f" />
    <Project Path="Tyuiu.PolyakovaAB.Sprint3.Task3.V6.Test/Tyuiu.PolyakovaAB.Sprint3.Task3.V6.Test.csproj" Id="e044f4f0-0dc5-47f2-be53-f9e4fc942249" />
    <Project Path="Tyuiu.PolyakovaAB.Sprint3.Task3.V6/Tyuiu.PolyakovaAB.Sprint3.Task3.V6.csproj" Id="b97c3eb8-16b7-4e82-9582-ea973fc9df00" />
  </Folder>
  <Folder Name="/Task4/">
    <Project Path="Tyuiu.PolyakovaAB.Sprint3.Task4.V4.Lib/Tyuiu.PolyakovaAB.Sprint3.Task4.V4.Lib.csproj" Id="98d60595-95b5-49fe-85ad-4e76678cb1c3" />
    <Project Path="Tyuiu.PolyakovaAB.Sprint3.Task4.V4.Test/Tyuiu.PolyakovaAB.Sprint3.Task4.V4.Test.csproj" Id="f1c32772-9219-45cc-93f7-2c16e3e3eeb6" />
    <Project Path="Tyuiu.PolyakovaAB.Sprint3.Task4.V4/Tyuiu.PolyakovaAB.Sprint3.Task4.V4.csproj" Id="52e27bcc-cd01-435b-ba4a-e4ac99c762b5" />
  </Folder>
</Solution>
