<Solution>
  <Folder Name="/Task0/">
    <Project Path="Tyuiu.PolyakovaAB.Sprint3.Task0.V10.Lib/Tyuiu.PolyakovaAB.Sprint3.Task0.V10.Lib.csproj" />
    <Project Path="Tyuiu.PolyakovaAB.Sprint3.Task0.V10.Test/Tyuiu.PolyakovaAB.Sprint3.Task0.V10.Test.csproj" />
    <Project Path="Tyuiu.PolyakovaAB.Sprint3.Task0.V10/Tyuiu.PolyakovaAB.Sprint3.Task0.V10.csproj" />
  </Folder>
</Solution>
